
Microsoft Visual Studio Solution File, Format Version 12.00
# Visual Studio Version 17
VisualStudioVersion = 17.2.32505.173
MinimumVisualStudioVersion = 10.0.40219.1
Project("{FAE04EC0-301F-11D3-BF4B-00C04F79EFBC}") = "Sets of Elements", "Sets of Elements\Sets of Elements.csproj", "{28F2C758-D24E-4E8E-8FBA-FE464B4A9E36}"
EndProject
Project("{FAE04EC0-301F-11D3-BF4B-00C04F79EFBC}") = "Unique Usernames", "..\Unique Usernames\Unique Usernames.csproj", "{722B8025-EC82-4517-9BB3-3DE6AD7A0594}"
EndProject
Project("{FAE04EC0-301F-11D3-BF4B-00C04F79EFBC}") = "Periodic Table", "..\Periodic Table\Periodic Table.csproj", "{542948CD-3755-4242-8076-46081931A57B}"
EndProject
Global
	GlobalSection(SolutionConfigurationPlatforms) = preSolution
		Debug|Any CPU = Debug|Any CPU
		Release|Any CPU = Release|Any CPU
	EndGlobalSection
	GlobalSection(ProjectConfigurationPlatforms) = postSolution
		{28F2C758-D24E-4E8E-8FBA-FE464B4A9E36}.Debug|Any CPU.ActiveCfg = Debug|Any CPU
		{28F2C758-D24E-4E8E-8FBA-FE464B4A9E36}.Debug|Any CPU.Build.0 = Debug|Any CPU
		{28F2C758-D24E-4E8E-8FBA-FE464B4A9E36}.Release|Any CPU.ActiveCfg = Release|Any CPU
		{28F2C758-D24E-4E8E-8FBA-FE464B4A9E36}.Release|Any CPU.Build.0 = Release|Any CPU
		{722B8025-EC82-4517-9BB3-3DE6AD7A0594}.Debug|Any CPU.ActiveCfg = Debug|Any CPU
		{722B8025-EC82-4517-9BB3-3DE6AD7A0594}.Debug|Any CPU.Build.0 = Debug|Any CPU
		{722B8025-EC82-4517-9BB3-3DE6AD7A0594}.Release|Any CPU.ActiveCfg = Release|Any CPU
		{722B8025-EC82-4517-9BB3-3DE6AD7A0594}.Release|Any CPU.Build.0 = Release|Any CPU
		{542948CD-3755-4242-8076-46081931A57B}.Debug|Any CPU.ActiveCfg = Debug|Any CPU
		{542948CD-3755-4242-8076-46081931A57B}.Debug|Any CPU.Build.0 = Debug|Any CPU
		{542948CD-3755-4242-8076-46081931A57B}.Release|Any CPU.ActiveCfg = Release|Any CPU
		{542948CD-3755-4242-8076-46081931A57B}.Release|Any CPU.Build.0 = Release|Any CPU
	EndGlobalSection
	GlobalSection(SolutionProperties) = preSolution
		HideSolutionNode = FALSE
	EndGlobalSection
	GlobalSection(ExtensibilityGlobals) = postSolution
		SolutionGuid = {5D6B0188-2966-4CEB-AAAC-EEF88EA2F54A}
	EndGlobalSection
EndGlobal
