
Microsoft Visual Studio Solution File, Format Version 12.00
# Visual Studio Version 17
VisualStudioVersion = 17.2.32526.322
MinimumVisualStudioVersion = 10.0.40219.1
Project("{9A19103F-16F7-4668-BE54-9A1E7A4F7556}") = "CopyBinaryFile", "CopyBinaryFile.csproj", "{29E25212-B2CB-4578-B421-6454A602251E}"
EndProject
Global
	GlobalSection(SolutionConfigurationPlatforms) = preSolution
		Debug|Any CPU = Debug|Any CPU
		Release|Any CPU = Release|Any CPU
	EndGlobalSection
	GlobalSection(ProjectConfigurationPlatforms) = postSolution
		{29E25212-B2CB-4578-B421-6454A602251E}.Debug|Any CPU.ActiveCfg = Debug|Any CPU
		{29E25212-B2CB-4578-B421-6454A602251E}.Debug|Any CPU.Build.0 = Debug|Any CPU
		{29E25212-B2CB-4578-B421-6454A602251E}.Release|Any CPU.ActiveCfg = Release|Any CPU
		{29E25212-B2CB-4578-B421-6454A602251E}.Release|Any CPU.Build.0 = Release|Any CPU
	EndGlobalSection
	GlobalSection(SolutionProperties) = preSolution
		HideSolutionNode = FALSE
	EndGlobalSection
	GlobalSection(ExtensibilityGlobals) = postSolution
		SolutionGuid = {E7B1E67C-B3AB-4E97-A189-2826DF4BC950}
	EndGlobalSection
EndGlobal
