
Microsoft Visual Studio Solution File, Format Version 12.00
# Visual Studio Version 17
VisualStudioVersion = 17.2.32505.173
MinimumVisualStudioVersion = 10.0.40219.1
Project("{FAE04EC0-301F-11D3-BF4B-00C04F79EFBC}") = "Unique Usernames", "Unique Usernames\Unique Usernames.csproj", "{A795BC2E-C927-41D7-8EBD-6B238FB77418}"
EndProject
Project("{FAE04EC0-301F-11D3-BF4B-00C04F79EFBC}") = "Sets of Elements", "..\Sets of Elements\Sets of Elements.csproj", "{6EF54007-4C72-4998-A0AC-F5465F0F7DFB}"
EndProject
Project("{FAE04EC0-301F-11D3-BF4B-00C04F79EFBC}") = "Periodic Table", "Periodic Table\Periodic Table.csproj", "{8103B77E-B6A5-4A68-8646-99E88EE7228D}"
EndProject
Global
	GlobalSection(SolutionConfigurationPlatforms) = preSolution
		Debug|Any CPU = Debug|Any CPU
		Release|Any CPU = Release|Any CPU
	EndGlobalSection
	GlobalSection(ProjectConfigurationPlatforms) = postSolution
		{A795BC2E-C927-41D7-8EBD-6B238FB77418}.Debug|Any CPU.ActiveCfg = Debug|Any CPU
		{A795BC2E-C927-41D7-8EBD-6B238FB77418}.Debug|Any CPU.Build.0 = Debug|Any CPU
		{A795BC2E-C927-41D7-8EBD-6B238FB77418}.Release|Any CPU.ActiveCfg = Release|Any CPU
		{A795BC2E-C927-41D7-8EBD-6B238FB77418}.Release|Any CPU.Build.0 = Release|Any CPU
		{6EF54007-4C72-4998-A0AC-F5465F0F7DFB}.Debug|Any CPU.ActiveCfg = Debug|Any CPU
		{6EF54007-4C72-4998-A0AC-F5465F0F7DFB}.Debug|Any CPU.Build.0 = Debug|Any CPU
		{6EF54007-4C72-4998-A0AC-F5465F0F7DFB}.Release|Any CPU.ActiveCfg = Release|Any CPU
		{6EF54007-4C72-4998-A0AC-F5465F0F7DFB}.Release|Any CPU.Build.0 = Release|Any CPU
		{8103B77E-B6A5-4A68-8646-99E88EE7228D}.Debug|Any CPU.ActiveCfg = Debug|Any CPU
		{8103B77E-B6A5-4A68-8646-99E88EE7228D}.Debug|Any CPU.Build.0 = Debug|Any CPU
		{8103B77E-B6A5-4A68-8646-99E88EE7228D}.Release|Any CPU.ActiveCfg = Release|Any CPU
		{8103B77E-B6A5-4A68-8646-99E88EE7228D}.Release|Any CPU.Build.0 = Release|Any CPU
	EndGlobalSection
	GlobalSection(SolutionProperties) = preSolution
		HideSolutionNode = FALSE
	EndGlobalSection
	GlobalSection(ExtensibilityGlobals) = postSolution
		SolutionGuid = {931C6A5E-E2A2-4154-9C06-1DC9ABBF24B0}
	EndGlobalSection
EndGlobal
